// !$*UTF8*$!
{
	archiveVersion = 1;
	classes = {
	};
	objectVersion = 51;
	objects = {

/* Begin PBXBuildFile section */
		6FD9CF1A1EE362E649F31F95 /* Pods_vn_pickup.framework in Frameworks */ = {isa = PBXBuildFile; fileRef = FD8114090280811D616A73F1 /* Pods_vn_pickup.framework */; };
		CB48284622B4CA8F002742D4 /* BaseVC.swift in Sources */ = {isa = PBXBuildFile; fileRef = CB48284522B4CA8F002742D4 /* BaseVC.swift */; };
		CB48284922B4CA9D002742D4 /* MainVC.swift in Sources */ = {isa = PBXBuildFile; fileRef = CB48284722B4CA9D002742D4 /* MainVC.swift */; };
		CB48284A22B4CA9D002742D4 /* MainVC.xib in Resources */ = {isa = PBXBuildFile; fileRef = CB48284822B4CA9D002742D4 /* MainVC.xib */; };
		CB48284D22B4CAD8002742D4 /* SystemBoots.swift in Sources */ = {isa = PBXBuildFile; fileRef = CB48284C22B4CAD8002742D4 /* SystemBoots.swift */; };
		CB48285022B4CD74002742D4 /* UIViewController+Extension.swift in Sources */ = {isa = PBXBuildFile; fileRef = CB48284F22B4CD74002742D4 /* UIViewController+Extension.swift */; };
		CB48285422B4D108002742D4 /* LoginVC.swift in Sources */ = {isa = PBXBuildFile; fileRef = CB48285222B4D108002742D4 /* LoginVC.swift */; };
		CB48285522B4D108002742D4 /* LoginVC.xib in Resources */ = {isa = PBXBuildFile; fileRef = CB48285322B4D108002742D4 /* LoginVC.xib */; };
		CB48285722B4D33E002742D4 /* UIView+Extension.swift in Sources */ = {isa = PBXBuildFile; fileRef = CB48285622B4D33E002742D4 /* UIView+Extension.swift */; };
		CB48285B22B4D3E0002742D4 /* ShadowView.swift in Sources */ = {isa = PBXBuildFile; fileRef = CB48285A22B4D3E0002742D4 /* ShadowView.swift */; };
		CB48285D22B4D3F5002742D4 /* GradientView.swift in Sources */ = {isa = PBXBuildFile; fileRef = CB48285C22B4D3F5002742D4 /* GradientView.swift */; };
		CB48286022B4D453002742D4 /* GradientLayer.swift in Sources */ = {isa = PBXBuildFile; fileRef = CB48285F22B4D453002742D4 /* GradientLayer.swift */; };
		CB48286322B4D4CA002742D4 /* UITableView+Extension.swift in Sources */ = {isa = PBXBuildFile; fileRef = CB48286222B4D4CA002742D4 /* UITableView+Extension.swift */; };
		CB48286522B4D50E002742D4 /* UITableViewCell+Extension.swift in Sources */ = {isa = PBXBuildFile; fileRef = CB48286422B4D50E002742D4 /* UITableViewCell+Extension.swift */; };
		CB48286822B4D568002742D4 /* EnumTypes.swift in Sources */ = {isa = PBXBuildFile; fileRef = CB48286722B4D568002742D4 /* EnumTypes.swift */; };
		CB48286A22B4D571002742D4 /* Constants.swift in Sources */ = {isa = PBXBuildFile; fileRef = CB48286922B4D571002742D4 /* Constants.swift */; };
		CB48286C22B4D5A3002742D4 /* Colors.swift in Sources */ = {isa = PBXBuildFile; fileRef = CB48286B22B4D5A3002742D4 /* Colors.swift */; };
		CB48286F22B4D5E6002742D4 /* UIColor+Extentsion.swift in Sources */ = {isa = PBXBuildFile; fileRef = CB48286E22B4D5E6002742D4 /* UIColor+Extentsion.swift */; };
		CB48287B22B4E01C002742D4 /* API.swift in Sources */ = {isa = PBXBuildFile; fileRef = CB48287422B4E01C002742D4 /* API.swift */; };
		CB48287C22B4E01C002742D4 /* awsconfiguration.json in Resources */ = {isa = PBXBuildFile; fileRef = CB48287522B4E01C002742D4 /* awsconfiguration.json */; };
		CB48287D22B4E01C002742D4 /* subscriptions.graphql in Resources */ = {isa = PBXBuildFile; fileRef = CB48287722B4E01C002742D4 /* subscriptions.graphql */; };
		CB48287E22B4E01C002742D4 /* queries.graphql in Resources */ = {isa = PBXBuildFile; fileRef = CB48287822B4E01C002742D4 /* queries.graphql */; };
		CB48287F22B4E01C002742D4 /* mutations.graphql in Resources */ = {isa = PBXBuildFile; fileRef = CB48287922B4E01C002742D4 /* mutations.graphql */; };
		CB48288022B4E01C002742D4 /* schema.json in Resources */ = {isa = PBXBuildFile; fileRef = CB48287A22B4E01C002742D4 /* schema.json */; };
		CBAEE78022B4C32600424752 /* AppDelegate.swift in Sources */ = {isa = PBXBuildFile; fileRef = CBAEE77F22B4C32600424752 /* AppDelegate.swift */; };
		CBAEE78722B4C32700424752 /* Assets.xcassets in Resources */ = {isa = PBXBuildFile; fileRef = CBAEE78622B4C32700424752 /* Assets.xcassets */; };
		CBAEE78A22B4C32700424752 /* LaunchScreen.storyboard in Resources */ = {isa = PBXBuildFile; fileRef = CBAEE78822B4C32700424752 /* LaunchScreen.storyboard */; };
/* End PBXBuildFile section */

/* Begin PBXFileReference section */
		2ABB69A1D57B6AA47123D8F5 /* Pods-vn-pickup.debug.xcconfig */ = {isa = PBXFileReference; includeInIndex = 1; lastKnownFileType = text.xcconfig; name = "Pods-vn-pickup.debug.xcconfig"; path = "Target Support Files/Pods-vn-pickup/Pods-vn-pickup.debug.xcconfig"; sourceTree = "<group>"; };
		8A6AC1FAAC8FCE18215EF25B /* Pods-vn-pickup.release.xcconfig */ = {isa = PBXFileReference; includeInIndex = 1; lastKnownFileType = text.xcconfig; name = "Pods-vn-pickup.release.xcconfig"; path = "Target Support Files/Pods-vn-pickup/Pods-vn-pickup.release.xcconfig"; sourceTree = "<group>"; };
		CB48284522B4CA8F002742D4 /* BaseVC.swift */ = {isa = PBXFileReference; lastKnownFileType = sourcecode.swift; path = BaseVC.swift; sourceTree = "<group>"; };
		CB48284722B4CA9D002742D4 /* MainVC.swift */ = {isa = PBXFileReference; lastKnownFileType = sourcecode.swift; path = MainVC.swift; sourceTree = "<group>"; };
		CB48284822B4CA9D002742D4 /* MainVC.xib */ = {isa = PBXFileReference; lastKnownFileType = file.xib; path = MainVC.xib; sourceTree = "<group>"; };
		CB48284C22B4CAD8002742D4 /* SystemBoots.swift */ = {isa = PBXFileReference; lastKnownFileType = sourcecode.swift; path = SystemBoots.swift; sourceTree = "<group>"; };
		CB48284F22B4CD74002742D4 /* UIViewController+Extension.swift */ = {isa = PBXFileReference; lastKnownFileType = sourcecode.swift; path = "UIViewController+Extension.swift"; sourceTree = "<group>"; };
		CB48285222B4D108002742D4 /* LoginVC.swift */ = {isa = PBXFileReference; lastKnownFileType = sourcecode.swift; path = LoginVC.swift; sourceTree = "<group>"; };
		CB48285322B4D108002742D4 /* LoginVC.xib */ = {isa = PBXFileReference; lastKnownFileType = file.xib; path = LoginVC.xib; sourceTree = "<group>"; };
		CB48285622B4D33E002742D4 /* UIView+Extension.swift */ = {isa = PBXFileReference; lastKnownFileType = sourcecode.swift; path = "UIView+Extension.swift"; sourceTree = "<group>"; };
		CB48285A22B4D3E0002742D4 /* ShadowView.swift */ = {isa = PBXFileReference; lastKnownFileType = sourcecode.swift; path = ShadowView.swift; sourceTree = "<group>"; };
		CB48285C22B4D3F5002742D4 /* GradientView.swift */ = {isa = PBXFileReference; lastKnownFileType = sourcecode.swift; path = GradientView.swift; sourceTree = "<group>"; };
		CB48285F22B4D453002742D4 /* GradientLayer.swift */ = {isa = PBXFileReference; lastKnownFileType = sourcecode.swift; path = GradientLayer.swift; sourceTree = "<group>"; };
		CB48286222B4D4CA002742D4 /* UITableView+Extension.swift */ = {isa = PBXFileReference; lastKnownFileType = sourcecode.swift; path = "UITableView+Extension.swift"; sourceTree = "<group>"; };
		CB48286422B4D50E002742D4 /* UITableViewCell+Extension.swift */ = {isa = PBXFileReference; lastKnownFileType = sourcecode.swift; path = "UITableViewCell+Extension.swift"; sourceTree = "<group>"; };
		CB48286722B4D568002742D4 /* EnumTypes.swift */ = {isa = PBXFileReference; lastKnownFileType = sourcecode.swift; path = EnumTypes.swift; sourceTree = "<group>"; };
		CB48286922B4D571002742D4 /* Constants.swift */ = {isa = PBXFileReference; lastKnownFileType = sourcecode.swift; path = Constants.swift; sourceTree = "<group>"; };
		CB48286B22B4D5A3002742D4 /* Colors.swift */ = {isa = PBXFileReference; lastKnownFileType = sourcecode.swift; path = Colors.swift; sourceTree = "<group>"; };
		CB48286E22B4D5E6002742D4 /* UIColor+Extentsion.swift */ = {isa = PBXFileReference; lastKnownFileType = sourcecode.swift; path = "UIColor+Extentsion.swift"; sourceTree = "<group>"; };
		CB48287022B4D7E0002742D4 /* Bridging-header.h */ = {isa = PBXFileReference; lastKnownFileType = sourcecode.c.h; path = "Bridging-header.h"; sourceTree = "<group>"; };
		CB48287422B4E01C002742D4 /* API.swift */ = {isa = PBXFileReference; fileEncoding = 4; lastKnownFileType = sourcecode.swift; name = API.swift; path = ../../../API.swift; sourceTree = "<group>"; };
		CB48287522B4E01C002742D4 /* awsconfiguration.json */ = {isa = PBXFileReference; fileEncoding = 4; lastKnownFileType = text.json; name = awsconfiguration.json; path = ../../../awsconfiguration.json; sourceTree = "<group>"; };
		CB48287722B4E01C002742D4 /* subscriptions.graphql */ = {isa = PBXFileReference; fileEncoding = 4; lastKnownFileType = text; path = subscriptions.graphql; sourceTree = "<group>"; };
		CB48287822B4E01C002742D4 /* queries.graphql */ = {isa = PBXFileReference; fileEncoding = 4; lastKnownFileType = text; path = queries.graphql; sourceTree = "<group>"; };
		CB48287922B4E01C002742D4 /* mutations.graphql */ = {isa = PBXFileReference; fileEncoding = 4; lastKnownFileType = text; path = mutations.graphql; sourceTree = "<group>"; };
		CB48287A22B4E01C002742D4 /* schema.json */ = {isa = PBXFileReference; fileEncoding = 4; lastKnownFileType = text.json; path = schema.json; sourceTree = "<group>"; };
		CBAEE77C22B4C32600424752 /* vn-pickup.app */ = {isa = PBXFileReference; explicitFileType = wrapper.application; includeInIndex = 0; path = "vn-pickup.app"; sourceTree = BUILT_PRODUCTS_DIR; };
		CBAEE77F22B4C32600424752 /* AppDelegate.swift */ = {isa = PBXFileReference; lastKnownFileType = sourcecode.swift; path = AppDelegate.swift; sourceTree = "<group>"; };
		CBAEE78622B4C32700424752 /* Assets.xcassets */ = {isa = PBXFileReference; lastKnownFileType = folder.assetcatalog; path = Assets.xcassets; sourceTree = "<group>"; };
		CBAEE78922B4C32700424752 /* Base */ = {isa = PBXFileReference; lastKnownFileType = file.storyboard; name = Base; path = Base.lproj/LaunchScreen.storyboard; sourceTree = "<group>"; };
		CBAEE78B22B4C32700424752 /* Info.plist */ = {isa = PBXFileReference; lastKnownFileType = text.plist.xml; path = Info.plist; sourceTree = "<group>"; };
		FD8114090280811D616A73F1 /* Pods_vn_pickup.framework */ = {isa = PBXFileReference; explicitFileType = wrapper.framework; includeInIndex = 0; path = Pods_vn_pickup.framework; sourceTree = BUILT_PRODUCTS_DIR; };
/* End PBXFileReference section */

/* Begin PBXFrameworksBuildPhase section */
		CBAEE77922B4C32600424752 /* Frameworks */ = {
			isa = PBXFrameworksBuildPhase;
			buildActionMask = 2147483647;
			files = (
				6FD9CF1A1EE362E649F31F95 /* Pods_vn_pickup.framework in Frameworks */,
			);
			runOnlyForDeploymentPostprocessing = 0;
		};
/* End PBXFrameworksBuildPhase section */

/* Begin PBXGroup section */
		244C92AEF0BA1C577B3D0987 /* Frameworks */ = {
			isa = PBXGroup;
			children = (
				FD8114090280811D616A73F1 /* Pods_vn_pickup.framework */,
			);
			name = Frameworks;
			sourceTree = "<group>";
		};
		24B373F6B97894C05A825510 /* Pods */ = {
			isa = PBXGroup;
			children = (
				2ABB69A1D57B6AA47123D8F5 /* Pods-vn-pickup.debug.xcconfig */,
				8A6AC1FAAC8FCE18215EF25B /* Pods-vn-pickup.release.xcconfig */,
			);
			path = Pods;
			sourceTree = "<group>";
		};
		CB48283E22B4CA00002742D4 /* Controllers */ = {
			isa = PBXGroup;
			children = (
				CB48285122B4D0F2002742D4 /* Login */,
				CB48284422B4CA79002742D4 /* Base */,
				CB48284322B4CA64002742D4 /* Main */,
			);
			path = Controllers;
			sourceTree = "<group>";
		};
		CB48283F22B4CA0A002742D4 /* Views */ = {
			isa = PBXGroup;
			children = (
			);
			path = Views;
			sourceTree = "<group>";
		};
		CB48284022B4CA18002742D4 /* Models */ = {
			isa = PBXGroup;
			children = (
			);
			path = Models;
			sourceTree = "<group>";
		};
		CB48284122B4CA1F002742D4 /* Resouces */ = {
			isa = PBXGroup;
			children = (
				CBAEE78622B4C32700424752 /* Assets.xcassets */,
			);
			path = Resouces;
			sourceTree = "<group>";
		};
		CB48284222B4CA2C002742D4 /* Application */ = {
			isa = PBXGroup;
			children = (
				CBAEE77F22B4C32600424752 /* AppDelegate.swift */,
				CBAEE78822B4C32700424752 /* LaunchScreen.storyboard */,
				CBAEE78B22B4C32700424752 /* Info.plist */,
				CB48287022B4D7E0002742D4 /* Bridging-header.h */,
			);
			path = Application;
			sourceTree = "<group>";
		};
		CB48284322B4CA64002742D4 /* Main */ = {
			isa = PBXGroup;
			children = (
				CB48284722B4CA9D002742D4 /* MainVC.swift */,
				CB48284822B4CA9D002742D4 /* MainVC.xib */,
			);
			path = Main;
			sourceTree = "<group>";
		};
		CB48284422B4CA79002742D4 /* Base */ = {
			isa = PBXGroup;
			children = (
				CB48284522B4CA8F002742D4 /* BaseVC.swift */,
			);
			path = Base;
			sourceTree = "<group>";
		};
		CB48284B22B4CAC5002742D4 /* Services */ = {
			isa = PBXGroup;
			children = (
				CB48284C22B4CAD8002742D4 /* SystemBoots.swift */,
			);
			path = Services;
			sourceTree = "<group>";
		};
		CB48284E22B4CD60002742D4 /* Extension */ = {
			isa = PBXGroup;
			children = (
				CB48286D22B4D5D5002742D4 /* Controller */,
				CB48286122B4D4AE002742D4 /* View */,
				CB48286E22B4D5E6002742D4 /* UIColor+Extentsion.swift */,
			);
			path = Extension;
			sourceTree = "<group>";
		};
		CB48285122B4D0F2002742D4 /* Login */ = {
			isa = PBXGroup;
			children = (
				CB48285222B4D108002742D4 /* LoginVC.swift */,
				CB48285322B4D108002742D4 /* LoginVC.xib */,
			);
			path = Login;
			sourceTree = "<group>";
		};
		CB48285822B4D3A5002742D4 /* Libraries */ = {
			isa = PBXGroup;
			children = (
				CB48285E22B4D442002742D4 /* Layer */,
				CB48285922B4D3B7002742D4 /* UI */,
				CB48284B22B4CAC5002742D4 /* Services */,
				CB48284E22B4CD60002742D4 /* Extension */,
			);
			path = Libraries;
			sourceTree = "<group>";
		};
		CB48285922B4D3B7002742D4 /* UI */ = {
			isa = PBXGroup;
			children = (
				CB48285A22B4D3E0002742D4 /* ShadowView.swift */,
				CB48285C22B4D3F5002742D4 /* GradientView.swift */,
			);
			path = UI;
			sourceTree = "<group>";
		};
		CB48285E22B4D442002742D4 /* Layer */ = {
			isa = PBXGroup;
			children = (
				CB48285F22B4D453002742D4 /* GradientLayer.swift */,
			);
			path = Layer;
			sourceTree = "<group>";
		};
		CB48286122B4D4AE002742D4 /* View */ = {
			isa = PBXGroup;
			children = (
				CB48285622B4D33E002742D4 /* UIView+Extension.swift */,
				CB48286222B4D4CA002742D4 /* UITableView+Extension.swift */,
				CB48286422B4D50E002742D4 /* UITableViewCell+Extension.swift */,
			);
			path = View;
			sourceTree = "<group>";
		};
		CB48286622B4D553002742D4 /* Constant */ = {
			isa = PBXGroup;
			children = (
				CB48286722B4D568002742D4 /* EnumTypes.swift */,
				CB48286922B4D571002742D4 /* Constants.swift */,
				CB48286B22B4D5A3002742D4 /* Colors.swift */,
			);
			path = Constant;
			sourceTree = "<group>";
		};
		CB48286D22B4D5D5002742D4 /* Controller */ = {
			isa = PBXGroup;
			children = (
				CB48284F22B4CD74002742D4 /* UIViewController+Extension.swift */,
			);
			path = Controller;
			sourceTree = "<group>";
		};
		CB48287322B4E013002742D4 /* AWS */ = {
			isa = PBXGroup;
			children = (
				CB48287422B4E01C002742D4 /* API.swift */,
				CB48287522B4E01C002742D4 /* awsconfiguration.json */,
				CB48287622B4E01C002742D4 /* graphql */,
			);
			path = AWS;
			sourceTree = "<group>";
		};
		CB48287622B4E01C002742D4 /* graphql */ = {
			isa = PBXGroup;
			children = (
				CB48287722B4E01C002742D4 /* subscriptions.graphql */,
				CB48287822B4E01C002742D4 /* queries.graphql */,
				CB48287922B4E01C002742D4 /* mutations.graphql */,
				CB48287A22B4E01C002742D4 /* schema.json */,
			);
			name = graphql;
			path = ../../../graphql;
			sourceTree = "<group>";
		};
		CBAEE77322B4C32600424752 = {
			isa = PBXGroup;
			children = (
				CBAEE77E22B4C32600424752 /* vn-pickup */,
				CBAEE77D22B4C32600424752 /* Products */,
				24B373F6B97894C05A825510 /* Pods */,
				244C92AEF0BA1C577B3D0987 /* Frameworks */,
			);
			sourceTree = "<group>";
		};
		CBAEE77D22B4C32600424752 /* Products */ = {
			isa = PBXGroup;
			children = (
				CBAEE77C22B4C32600424752 /* vn-pickup.app */,
			);
			name = Products;
			sourceTree = "<group>";
		};
		CBAEE77E22B4C32600424752 /* vn-pickup */ = {
			isa = PBXGroup;
			children = (
				CB48287322B4E013002742D4 /* AWS */,
				CB48286622B4D553002742D4 /* Constant */,
				CB48285822B4D3A5002742D4 /* Libraries */,
				CB48284222B4CA2C002742D4 /* Application */,
				CB48284122B4CA1F002742D4 /* Resouces */,
				CB48284022B4CA18002742D4 /* Models */,
				CB48283F22B4CA0A002742D4 /* Views */,
				CB48283E22B4CA00002742D4 /* Controllers */,
			);
			path = "vn-pickup";
			sourceTree = "<group>";
		};
/* End PBXGroup section */

/* Begin PBXNativeTarget section */
		CBAEE77B22B4C32600424752 /* vn-pickup */ = {
			isa = PBXNativeTarget;
			buildConfigurationList = CBAEE78E22B4C32700424752 /* Build configuration list for PBXNativeTarget "vn-pickup" */;
			buildPhases = (
				4E440794F6C041569F5B3FBB /* [CP] Check Pods Manifest.lock */,
				CBAEE77822B4C32600424752 /* Sources */,
				CBAEE77922B4C32600424752 /* Frameworks */,
				CBAEE77A22B4C32600424752 /* Resources */,
				EB3B015716151F6919437AA5 /* [CP] Embed Pods Frameworks */,
			);
			buildRules = (
			);
			dependencies = (
			);
			name = "vn-pickup";
			productName = "vn-pickup";
			productReference = CBAEE77C22B4C32600424752 /* vn-pickup.app */;
			productType = "com.apple.product-type.application";
		};
/* End PBXNativeTarget section */

/* Begin PBXProject section */
		CBAEE77422B4C32600424752 /* Project object */ = {
			isa = PBXProject;
			attributes = {
				LastSwiftUpdateCheck = 1020;
				LastUpgradeCheck = 1020;
				ORGANIZATIONNAME = "Nguyễn Nam";
				TargetAttributes = {
					CBAEE77B22B4C32600424752 = {
						CreatedOnToolsVersion = 10.2.1;
					};
				};
			};
			buildConfigurationList = CBAEE77722B4C32600424752 /* Build configuration list for PBXProject "vn-pickup" */;
			compatibilityVersion = "Xcode 9.3";
			developmentRegion = en;
			hasScannedForEncodings = 0;
			knownRegions = (
				en,
				Base,
			);
			mainGroup = CBAEE77322B4C32600424752;
			productRefGroup = CBAEE77D22B4C32600424752 /* Products */;
			projectDirPath = "";
			projectRoot = "";
			targets = (
				CBAEE77B22B4C32600424752 /* vn-pickup */,
			);
		};
/* End PBXProject section */

/* Begin PBXResourcesBuildPhase section */
		CBAEE77A22B4C32600424752 /* Resources */ = {
			isa = PBXResourcesBuildPhase;
			buildActionMask = 2147483647;
			files = (
				CBAEE78A22B4C32700424752 /* LaunchScreen.storyboard in Resources */,
				CB48287E22B4E01C002742D4 /* queries.graphql in Resources */,
				CB48287C22B4E01C002742D4 /* awsconfiguration.json in Resources */,
				CB48284A22B4CA9D002742D4 /* MainVC.xib in Resources */,
				CB48287D22B4E01C002742D4 /* subscriptions.graphql in Resources */,
				CB48288022B4E01C002742D4 /* schema.json in Resources */,
				CB48285522B4D108002742D4 /* LoginVC.xib in Resources */,
				CB48287F22B4E01C002742D4 /* mutations.graphql in Resources */,
				CBAEE78722B4C32700424752 /* Assets.xcassets in Resources */,
			);
			runOnlyForDeploymentPostprocessing = 0;
		};
/* End PBXResourcesBuildPhase section */

/* Begin PBXShellScriptBuildPhase section */
		4E440794F6C041569F5B3FBB /* [CP] Check Pods Manifest.lock */ = {
			isa = PBXShellScriptBuildPhase;
			buildActionMask = 2147483647;
			files = (
			);
			inputFileListPaths = (
			);
			inputPaths = (
				"${PODS_PODFILE_DIR_PATH}/Podfile.lock",
				"${PODS_ROOT}/Manifest.lock",
			);
			name = "[CP] Check Pods Manifest.lock";
			outputFileListPaths = (
			);
			outputPaths = (
				"$(DERIVED_FILE_DIR)/Pods-vn-pickup-checkManifestLockResult.txt",
			);
			runOnlyForDeploymentPostprocessing = 0;
			shellPath = /bin/sh;
			shellScript = "diff \"${PODS_PODFILE_DIR_PATH}/Podfile.lock\" \"${PODS_ROOT}/Manifest.lock\" > /dev/null\nif [ $? != 0 ] ; then\n    # print error to STDERR\n    echo \"error: The sandbox is not in sync with the Podfile.lock. Run 'pod install' or update your CocoaPods installation.\" >&2\n    exit 1\nfi\n# This output is used by Xcode 'outputs' to avoid re-running this script phase.\necho \"SUCCESS\" > \"${SCRIPT_OUTPUT_FILE_0}\"\n";
			showEnvVarsInLog = 0;
		};
		EB3B015716151F6919437AA5 /* [CP] Embed Pods Frameworks */ = {
			isa = PBXShellScriptBuildPhase;
			buildActionMask = 2147483647;
			files = (
			);
			inputFileListPaths = (
				"${PODS_ROOT}/Target Support Files/Pods-vn-pickup/Pods-vn-pickup-frameworks-${CONFIGURATION}-input-files.xcfilelist",
			);
			name = "[CP] Embed Pods Frameworks";
			outputFileListPaths = (
				"${PODS_ROOT}/Target Support Files/Pods-vn-pickup/Pods-vn-pickup-frameworks-${CONFIGURATION}-output-files.xcfilelist",
			);
			runOnlyForDeploymentPostprocessing = 0;
			shellPath = /bin/sh;
			shellScript = "\"${PODS_ROOT}/Target Support Files/Pods-vn-pickup/Pods-vn-pickup-frameworks.sh\"\n";
			showEnvVarsInLog = 0;
		};
/* End PBXShellScriptBuildPhase section */

/* Begin PBXSourcesBuildPhase section */
		CBAEE77822B4C32600424752 /* Sources */ = {
			isa = PBXSourcesBuildPhase;
			buildActionMask = 2147483647;
			files = (
				CB48286322B4D4CA002742D4 /* UITableView+Extension.swift in Sources */,
				CB48286C22B4D5A3002742D4 /* Colors.swift in Sources */,
				CB48284922B4CA9D002742D4 /* MainVC.swift in Sources */,
				CB48286022B4D453002742D4 /* GradientLayer.swift in Sources */,
				CB48285722B4D33E002742D4 /* UIView+Extension.swift in Sources */,
				CB48284D22B4CAD8002742D4 /* SystemBoots.swift in Sources */,
				CB48285422B4D108002742D4 /* LoginVC.swift in Sources */,
				CB48285B22B4D3E0002742D4 /* ShadowView.swift in Sources */,
				CB48286A22B4D571002742D4 /* Constants.swift in Sources */,
				CB48286522B4D50E002742D4 /* UITableViewCell+Extension.swift in Sources */,
				CB48284622B4CA8F002742D4 /* BaseVC.swift in Sources */,
				CB48285022B4CD74002742D4 /* UIViewController+Extension.swift in Sources */,
				CB48286F22B4D5E6002742D4 /* UIColor+Extentsion.swift in Sources */,
				CB48286822B4D568002742D4 /* EnumTypes.swift in Sources */,
				CBAEE78022B4C32600424752 /* AppDelegate.swift in Sources */,
				CB48287B22B4E01C002742D4 /* API.swift in Sources */,
				CB48285D22B4D3F5002742D4 /* GradientView.swift in Sources */,
			);
			runOnlyForDeploymentPostprocessing = 0;
		};
/* End PBXSourcesBuildPhase section */

/* Begin PBXVariantGroup section */
		CBAEE78822B4C32700424752 /* LaunchScreen.storyboard */ = {
			isa = PBXVariantGroup;
			children = (
				CBAEE78922B4C32700424752 /* Base */,
			);
			name = LaunchScreen.storyboard;
			sourceTree = "<group>";
		};
/* End PBXVariantGroup section */

/* Begin XCBuildConfiguration section */
		CBAEE78C22B4C32700424752 /* Debug */ = {
			isa = XCBuildConfiguration;
			buildSettings = {
				ALWAYS_SEARCH_USER_PATHS = NO;
				CLANG_ANALYZER_NONNULL = YES;
				CLANG_ANALYZER_NUMBER_OBJECT_CONVERSION = YES_AGGRESSIVE;
				CLANG_CXX_LANGUAGE_STANDARD = "gnu++14";
				CLANG_CXX_LIBRARY = "libc++";
				CLANG_ENABLE_MODULES = YES;
				CLANG_ENABLE_OBJC_ARC = YES;
				CLANG_ENABLE_OBJC_WEAK = YES;
				CLANG_WARN_BLOCK_CAPTURE_AUTORELEASING = YES;
				CLANG_WARN_BOOL_CONVERSION = YES;
				CLANG_WARN_COMMA = YES;
				CLANG_WARN_CONSTANT_CONVERSION = YES;
				CLANG_WARN_DEPRECATED_OBJC_IMPLEMENTATIONS = YES;
				CLANG_WARN_DIRECT_OBJC_ISA_USAGE = YES_ERROR;
				CLANG_WARN_DOCUMENTATION_COMMENTS = YES;
				CLANG_WARN_EMPTY_BODY = YES;
				CLANG_WARN_ENUM_CONVERSION = YES;
				CLANG_WARN_INFINITE_RECURSION = YES;
				CLANG_WARN_INT_CONVERSION = YES;
				CLANG_WARN_NON_LITERAL_NULL_CONVERSION = YES;
				CLANG_WARN_OBJC_IMPLICIT_RETAIN_SELF = YES;
				CLANG_WARN_OBJC_LITERAL_CONVERSION = YES;
				CLANG_WARN_OBJC_ROOT_CLASS = YES_ERROR;
				CLANG_WARN_RANGE_LOOP_ANALYSIS = YES;
				CLANG_WARN_STRICT_PROTOTYPES = YES;
				CLANG_WARN_SUSPICIOUS_MOVE = YES;
				CLANG_WARN_UNGUARDED_AVAILABILITY = YES_AGGRESSIVE;
				CLANG_WARN_UNREACHABLE_CODE = YES;
				CLANG_WARN__DUPLICATE_METHOD_MATCH = YES;
				CODE_SIGN_IDENTITY = "iPhone Developer";
				COPY_PHASE_STRIP = NO;
				DEBUG_INFORMATION_FORMAT = dwarf;
				ENABLE_STRICT_OBJC_MSGSEND = YES;
				ENABLE_TESTABILITY = YES;
				GCC_C_LANGUAGE_STANDARD = gnu11;
				GCC_DYNAMIC_NO_PIC = NO;
				GCC_NO_COMMON_BLOCKS = YES;
				GCC_OPTIMIZATION_LEVEL = 0;
				GCC_PREPROCESSOR_DEFINITIONS = (
					"DEBUG=1",
					"$(inherited)",
				);
				GCC_WARN_64_TO_32_BIT_CONVERSION = YES;
				GCC_WARN_ABOUT_RETURN_TYPE = YES_ERROR;
				GCC_WARN_UNDECLARED_SELECTOR = YES;
				GCC_WARN_UNINITIALIZED_AUTOS = YES_AGGRESSIVE;
				GCC_WARN_UNUSED_FUNCTION = YES;
				GCC_WARN_UNUSED_VARIABLE = YES;
				IPHONEOS_DEPLOYMENT_TARGET = 12.2;
				MTL_ENABLE_DEBUG_INFO = INCLUDE_SOURCE;
				MTL_FAST_MATH = YES;
				ONLY_ACTIVE_ARCH = YES;
				SDKROOT = iphoneos;
				SWIFT_ACTIVE_COMPILATION_CONDITIONS = DEBUG;
				SWIFT_OPTIMIZATION_LEVEL = "-Onone";
			};
			name = Debug;
		};
		CBAEE78D22B4C32700424752 /* Release */ = {
			isa = XCBuildConfiguration;
			buildSettings = {
				ALWAYS_SEARCH_USER_PATHS = NO;
				CLANG_ANALYZER_NONNULL = YES;
				CLANG_ANALYZER_NUMBER_OBJECT_CONVERSION = YES_AGGRESSIVE;
				CLANG_CXX_LANGUAGE_STANDARD = "gnu++14";
				CLANG_CXX_LIBRARY = "libc++";
				CLANG_ENABLE_MODULES = YES;
				CLANG_ENABLE_OBJC_ARC = YES;
				CLANG_ENABLE_OBJC_WEAK = YES;
				CLANG_WARN_BLOCK_CAPTURE_AUTORELEASING = YES;
				CLANG_WARN_BOOL_CONVERSION = YES;
				CLANG_WARN_COMMA = YES;
				CLANG_WARN_CONSTANT_CONVERSION = YES;
				CLANG_WARN_DEPRECATED_OBJC_IMPLEMENTATIONS = YES;
				CLANG_WARN_DIRECT_OBJC_ISA_USAGE = YES_ERROR;
				CLANG_WARN_DOCUMENTATION_COMMENTS = YES;
				CLANG_WARN_EMPTY_BODY = YES;
				CLANG_WARN_ENUM_CONVERSION = YES;
				CLANG_WARN_INFINITE_RECURSION = YES;
				CLANG_WARN_INT_CONVERSION = YES;
				CLANG_WARN_NON_LITERAL_NULL_CONVERSION = YES;
				CLANG_WARN_OBJC_IMPLICIT_RETAIN_SELF = YES;
				CLANG_WARN_OBJC_LITERAL_CONVERSION = YES;
				CLANG_WARN_OBJC_ROOT_CLASS = YES_ERROR;
				CLANG_WARN_RANGE_LOOP_ANALYSIS = YES;
				CLANG_WARN_STRICT_PROTOTYPES = YES;
				CLANG_WARN_SUSPICIOUS_MOVE = YES;
				CLANG_WARN_UNGUARDED_AVAILABILITY = YES_AGGRESSIVE;
				CLANG_WARN_UNREACHABLE_CODE = YES;
				CLANG_WARN__DUPLICATE_METHOD_MATCH = YES;
				CODE_SIGN_IDENTITY = "iPhone Developer";
				COPY_PHASE_STRIP = NO;
				DEBUG_INFORMATION_FORMAT = "dwarf-with-dsym";
				ENABLE_NS_ASSERTIONS = NO;
				ENABLE_STRICT_OBJC_MSGSEND = YES;
				GCC_C_LANGUAGE_STANDARD = gnu11;
				GCC_NO_COMMON_BLOCKS = YES;
				GCC_WARN_64_TO_32_BIT_CONVERSION = YES;
				GCC_WARN_ABOUT_RETURN_TYPE = YES_ERROR;
				GCC_WARN_UNDECLARED_SELECTOR = YES;
				GCC_WARN_UNINITIALIZED_AUTOS = YES_AGGRESSIVE;
				GCC_WARN_UNUSED_FUNCTION = YES;
				GCC_WARN_UNUSED_VARIABLE = YES;
				IPHONEOS_DEPLOYMENT_TARGET = 12.2;
				MTL_ENABLE_DEBUG_INFO = NO;
				MTL_FAST_MATH = YES;
				SDKROOT = iphoneos;
				SWIFT_COMPILATION_MODE = wholemodule;
				SWIFT_OPTIMIZATION_LEVEL = "-O";
				VALIDATE_PRODUCT = YES;
			};
			name = Release;
		};
		CBAEE78F22B4C32700424752 /* Debug */ = {
			isa = XCBuildConfiguration;
			baseConfigurationReference = 2ABB69A1D57B6AA47123D8F5 /* Pods-vn-pickup.debug.xcconfig */;
			buildSettings = {
				ASSETCATALOG_COMPILER_APPICON_NAME = AppIcon;
				CODE_SIGN_STYLE = Automatic;
				DEVELOPMENT_TEAM = 4NX8T6CSL5;
				INFOPLIST_FILE = "$(SRCROOT)/vn-pickup/Application/Info.plist";
				IPHONEOS_DEPLOYMENT_TARGET = 10.0;
				LD_RUNPATH_SEARCH_PATHS = (
					"$(inherited)",
					"@executable_path/Frameworks",
				);
				PRODUCT_BUNDLE_IDENTIFIER = "namnh.vn-pickup";
				PRODUCT_NAME = "$(TARGET_NAME)";
				SWIFT_VERSION = 5.0;
				TARGETED_DEVICE_FAMILY = 1;
			};
			name = Debug;
		};
		CBAEE79022B4C32700424752 /* Release */ = {
			isa = XCBuildConfiguration;
			baseConfigurationReference = 8A6AC1FAAC8FCE18215EF25B /* Pods-vn-pickup.release.xcconfig */;
			buildSettings = {
				ASSETCATALOG_COMPILER_APPICON_NAME = AppIcon;
				CODE_SIGN_STYLE = Automatic;
				DEVELOPMENT_TEAM = 4NX8T6CSL5;
				INFOPLIST_FILE = "$(SRCROOT)/vn-pickup/Application/Info.plist";
				IPHONEOS_DEPLOYMENT_TARGET = 10.0;
				LD_RUNPATH_SEARCH_PATHS = (
					"$(inherited)",
					"@executable_path/Frameworks",
				);
				PRODUCT_BUNDLE_IDENTIFIER = "namnh.vn-pickup";
				PRODUCT_NAME = "$(TARGET_NAME)";
				SWIFT_VERSION = 5.0;
				TARGETED_DEVICE_FAMILY = 1;
			};
			name = Release;
		};
/* End XCBuildConfiguration section */

/* Begin XCConfigurationList section */
		CBAEE77722B4C32600424752 /* Build configuration list for PBXProject "vn-pickup" */ = {
			isa = XCConfigurationList;
			buildConfigurations = (
				CBAEE78C22B4C32700424752 /* Debug */,
				CBAEE78D22B4C32700424752 /* Release */,
			);
			defaultConfigurationIsVisible = 0;
			defaultConfigurationName = Release;
		};
		CBAEE78E22B4C32700424752 /* Build configuration list for PBXNativeTarget "vn-pickup" */ = {
			isa = XCConfigurationList;
			buildConfigurations = (
				CBAEE78F22B4C32700424752 /* Debug */,
				CBAEE79022B4C32700424752 /* Release */,
			);
			defaultConfigurationIsVisible = 0;
			defaultConfigurationName = Release;
		};
/* End XCConfigurationList section */
	};
	rootObject = CBAEE77422B4C32600424752 /* Project object */;
}
